
Microsoft Visual Studio Solution File, Format Version 12.00
# Visual Studio 15
VisualStudioVersion = 15.0.26124.0
MinimumVisualStudioVersion = 15.0.26124.0
Project("{2150E333-8FDC-42A3-9474-1A3956D46DE8}") = "src", "src", "{F7B9BFB1-C836-4432-BE64-719A38E0BBEF}"
EndProject
Project("{2150E333-8FDC-42A3-9474-1A3956D46DE8}") = "test", "test", "{9806905E-1B09-4AC2-BF4F-731C9E473F94}"
EndProject
Project("{2150E333-8FDC-42A3-9474-1A3956D46DE8}") = "Solution Items", "Solution Items", "{90E3631E-FE7C-4546-A54E-6E0750E18851}"
	ProjectSection(SolutionItems) = preProject
		appveyor.yml = appveyor.yml
		nuget.config = nuget.config
	EndProjectSection
EndProject
Global
	GlobalSection(SolutionProperties) = preSolution
		HideSolutionNode = FALSE
	EndGlobalSection
	GlobalSection(ExtensibilityGlobals) = postSolution
		SolutionGuid = {B5B02039-F4C2-44C6-91B8-340E44472AED}
	EndGlobalSection
EndGlobal
